// !$*UTF8*$!
{
	archiveVersion = 1;
	classes = {
	};
	objectVersion = 46;
	objects = {

/* Begin PBXBuildFile section */
		125455621ADE2E290023021D /* AppDelegate.swift in Sources */ = {isa = PBXBuildFile; fileRef = 125455611ADE2E290023021D /* AppDelegate.swift */; };
		125455641ADE2E290023021D /* ViewController.swift in Sources */ = {isa = PBXBuildFile; fileRef = 125455631ADE2E290023021D /* ViewController.swift */; };
		125455671ADE2E290023021D /* Main.storyboard in Resources */ = {isa = PBXBuildFile; fileRef = 125455651ADE2E290023021D /* Main.storyboard */; };
		125455691ADE2E290023021D /* Images.xcassets in Resources */ = {isa = PBXBuildFile; fileRef = 125455681ADE2E290023021D /* Images.xcassets */; };
		1254556C1ADE2E290023021D /* LaunchScreen.xib in Resources */ = {isa = PBXBuildFile; fileRef = 1254556A1ADE2E290023021D /* LaunchScreen.xib */; };
		125455781ADE2E290023021D /* TableViewPlaygroundTests.swift in Sources */ = {isa = PBXBuildFile; fileRef = 125455771ADE2E290023021D /* TableViewPlaygroundTests.swift */; };
		125455821AE0E4840023021D /* RankingListViewControllerTableViewController.swift in Sources */ = {isa = PBXBuildFile; fileRef = 125455811AE0E4840023021D /* RankingListViewControllerTableViewController.swift */; };
/* End PBXBuildFile section */

/* Begin PBXContainerItemProxy section */
		125455721ADE2E290023021D /* PBXContainerItemProxy */ = {
			isa = PBXContainerItemProxy;
			containerPortal = 125455541ADE2E280023021D /* Project object */;
			proxyType = 1;
			remoteGlobalIDString = 1254555B1ADE2E280023021D;
			remoteInfo = TableViewPlayground;
		};
/* End PBXContainerItemProxy section */

/* Begin PBXFileReference section */
		1254555C1ADE2E280023021D /* TableViewPlayground.app */ = {isa = PBXFileReference; explicitFileType = wrapper.application; includeInIndex = 0; path = TableViewPlayground.app; sourceTree = BUILT_PRODUCTS_DIR; };
		125455601ADE2E280023021D /* Info.plist */ = {isa = PBXFileReference; lastKnownFileType = text.plist.xml; path = Info.plist; sourceTree = "<group>"; };
		125455611ADE2E290023021D /* AppDelegate.swift */ = {isa = PBXFileReference; lastKnownFileType = sourcecode.swift; path = AppDelegate.swift; sourceTree = "<group>"; };
		125455631ADE2E290023021D /* ViewController.swift */ = {isa = PBXFileReference; lastKnownFileType = sourcecode.swift; path = ViewController.swift; sourceTree = "<group>"; };
		125455661ADE2E290023021D /* Base */ = {isa = PBXFileReference; lastKnownFileType = file.storyboard; name = Base; path = Base.lproj/Main.storyboard; sourceTree = "<group>"; };
		125455681ADE2E290023021D /* Images.xcassets */ = {isa = PBXFileReference; lastKnownFileType = folder.assetcatalog; path = Images.xcassets; sourceTree = "<group>"; };
		1254556B1ADE2E290023021D /* Base */ = {isa = PBXFileReference; lastKnownFileType = file.xib; name = Base; path = Base.lproj/LaunchScreen.xib; sourceTree = "<group>"; };
		125455711ADE2E290023021D /* TableViewPlaygroundTests.xctest */ = {isa = PBXFileReference; explicitFileType = wrapper.cfbundle; includeInIndex = 0; path = TableViewPlaygroundTests.xctest; sourceTree = BUILT_PRODUCTS_DIR; };
		125455761ADE2E290023021D /* Info.plist */ = {isa = PBXFileReference; lastKnownFileType = text.plist.xml; path = Info.plist; sourceTree = "<group>"; };
		125455771ADE2E290023021D /* TableViewPlaygroundTests.swift */ = {isa = PBXFileReference; lastKnownFileType = sourcecode.swift; path = TableViewPlaygroundTests.swift; sourceTree = "<group>"; };
		125455811AE0E4840023021D /* RankingListViewControllerTableViewController.swift */ = {isa = PBXFileReference; fileEncoding = 4; lastKnownFileType = sourcecode.swift; path = RankingListViewControllerTableViewController.swift; sourceTree = "<group>"; };
/* End PBXFileReference section */

/* Begin PBXFrameworksBuildPhase section */
		125455591ADE2E280023021D /* Frameworks */ = {
			isa = PBXFrameworksBuildPhase;
			buildActionMask = 2147483647;
			files = (
			);
			runOnlyForDeploymentPostprocessing = 0;
		};
		1254556E1ADE2E290023021D /* Frameworks */ = {
			isa = PBXFrameworksBuildPhase;
			buildActionMask = 2147483647;
			files = (
			);
			runOnlyForDeploymentPostprocessing = 0;
		};
/* End PBXFrameworksBuildPhase section */

/* Begin PBXGroup section */
		125455531ADE2E280023021D = {
			isa = PBXGroup;
			children = (
				1254555E1ADE2E280023021D /* TableViewPlayground */,
				125455741ADE2E290023021D /* TableViewPlaygroundTests */,
				1254555D1ADE2E280023021D /* Products */,
			);
			sourceTree = "<group>";
		};
		1254555D1ADE2E280023021D /* Products */ = {
			isa = PBXGroup;
			children = (
				1254555C1ADE2E280023021D /* TableViewPlayground.app */,
				125455711ADE2E290023021D /* TableViewPlaygroundTests.xctest */,
			);
			name = Products;
			sourceTree = "<group>";
		};
		1254555E1ADE2E280023021D /* TableViewPlayground */ = {
			isa = PBXGroup;
			children = (
				125455611ADE2E290023021D /* AppDelegate.swift */,
				125455631ADE2E290023021D /* ViewController.swift */,
				125455651ADE2E290023021D /* Main.storyboard */,
				125455681ADE2E290023021D /* Images.xcassets */,
				1254556A1ADE2E290023021D /* LaunchScreen.xib */,
				1254555F1ADE2E280023021D /* Supporting Files */,
				125455811AE0E4840023021D /* RankingListViewControllerTableViewController.swift */,
			);
			path = TableViewPlayground;
			sourceTree = "<group>";
		};
		1254555F1ADE2E280023021D /* Supporting Files */ = {
			isa = PBXGroup;
			children = (
				125455601ADE2E280023021D /* Info.plist */,
			);
			name = "Supporting Files";
			sourceTree = "<group>";
		};
		125455741ADE2E290023021D /* TableViewPlaygroundTests */ = {
			isa = PBXGroup;
			children = (
				125455771ADE2E290023021D /* TableViewPlaygroundTests.swift */,
				125455751ADE2E290023021D /* Supporting Files */,
			);
			path = TableViewPlaygroundTests;
			sourceTree = "<group>";
		};
		125455751ADE2E290023021D /* Supporting Files */ = {
			isa = PBXGroup;
			children = (
				125455761ADE2E290023021D /* Info.plist */,
			);
			name = "Supporting Files";
			sourceTree = "<group>";
		};
/* End PBXGroup section */

/* Begin PBXNativeTarget section */
		1254555B1ADE2E280023021D /* TableViewPlayground */ = {
			isa = PBXNativeTarget;
			buildConfigurationList = 1254557B1ADE2E290023021D /* Build configuration list for PBXNativeTarget "TableViewPlayground" */;
			buildPhases = (
				125455581ADE2E280023021D /* Sources */,
				125455591ADE2E280023021D /* Frameworks */,
				1254555A1ADE2E280023021D /* Resources */,
			);
			buildRules = (
			);
			dependencies = (
			);
			name = TableViewPlayground;
			productName = TableViewPlayground;
			productReference = 1254555C1ADE2E280023021D /* TableViewPlayground.app */;
			productType = "com.apple.product-type.application";
		};
		125455701ADE2E290023021D /* TableViewPlaygroundTests */ = {
			isa = PBXNativeTarget;
			buildConfigurationList = 1254557E1ADE2E290023021D /* Build configuration list for PBXNativeTarget "TableViewPlaygroundTests" */;
			buildPhases = (
				1254556D1ADE2E290023021D /* Sources */,
				1254556E1ADE2E290023021D /* Frameworks */,
				1254556F1ADE2E290023021D /* Resources */,
			);
			buildRules = (
			);
			dependencies = (
				125455731ADE2E290023021D /* PBXTargetDependency */,
			);
			name = TableViewPlaygroundTests;
			productName = TableViewPlaygroundTests;
			productReference = 125455711ADE2E290023021D /* TableViewPlaygroundTests.xctest */;
			productType = "com.apple.product-type.bundle.unit-test";
		};
/* End PBXNativeTarget section */

/* Begin PBXProject section */
		125455541ADE2E280023021D /* Project object */ = {
			isa = PBXProject;
			attributes = {
				LastUpgradeCheck = 0610;
				ORGANIZATIONNAME = "Paul Ou";
				TargetAttributes = {
					1254555B1ADE2E280023021D = {
						CreatedOnToolsVersion = 6.1.1;
					};
					125455701ADE2E290023021D = {
						CreatedOnToolsVersion = 6.1.1;
						TestTargetID = 1254555B1ADE2E280023021D;
					};
				};
			};
			buildConfigurationList = 125455571ADE2E280023021D /* Build configuration list for PBXProject "TableViewPlayground" */;
			compatibilityVersion = "Xcode 3.2";
			developmentRegion = English;
			hasScannedForEncodings = 0;
			knownRegions = (
				en,
				Base,
			);
			mainGroup = 125455531ADE2E280023021D;
			productRefGroup = 1254555D1ADE2E280023021D /* Products */;
			projectDirPath = "";
			projectRoot = "";
			targets = (
				1254555B1ADE2E280023021D /* TableViewPlayground */,
				125455701ADE2E290023021D /* TableViewPlaygroundTests */,
			);
		};
/* End PBXProject section */

/* Begin PBXResourcesBuildPhase section */
		1254555A1ADE2E280023021D /* Resources */ = {
			isa = PBXResourcesBuildPhase;
			buildActionMask = 2147483647;
			files = (
				125455671ADE2E290023021D /* Main.storyboard in Resources */,
				1254556C1ADE2E290023021D /* LaunchScreen.xib in Resources */,
				125455691ADE2E290023021D /* Images.xcassets in Resources */,
			);
			runOnlyForDeploymentPostprocessing = 0;
		};
		1254556F1ADE2E290023021D /* Resources */ = {
			isa = PBXResourcesBuildPhase;
			buildActionMask = 2147483647;
			files = (
			);
			runOnlyForDeploymentPostprocessing = 0;
		};
/* End PBXResourcesBuildPhase section */

/* Begin PBXSourcesBuildPhase section */
		125455581ADE2E280023021D /* Sources */ = {
			isa = PBXSourcesBuildPhase;
			buildActionMask = 2147483647;
			files = (
				125455821AE0E4840023021D /* RankingListViewControllerTableViewController.swift in Sources */,
				125455641ADE2E290023021D /* ViewController.swift in Sources */,
				125455621ADE2E290023021D /* AppDelegate.swift in Sources */,
			);
			runOnlyForDeploymentPostprocessing = 0;
		};
		1254556D1ADE2E290023021D /* Sources */ = {
			isa = PBXSourcesBuildPhase;
			buildActionMask = 2147483647;
			files = (
				125455781ADE2E290023021D /* TableViewPlaygroundTests.swift in Sources */,
			);
			runOnlyForDeploymentPostprocessing = 0;
		};
/* End PBXSourcesBuildPhase section */

/* Begin PBXTargetDependency section */
		125455731ADE2E290023021D /* PBXTargetDependency */ = {
			isa = PBXTargetDependency;
			target = 1254555B1ADE2E280023021D /* TableViewPlayground */;
			targetProxy = 125455721ADE2E290023021D /* PBXContainerItemProxy */;
		};
/* End PBXTargetDependency section */

/* Begin PBXVariantGroup section */
		125455651ADE2E290023021D /* Main.storyboard */ = {
			isa = PBXVariantGroup;
			children = (
				125455661ADE2E290023021D /* Base */,
			);
			name = Main.storyboard;
			sourceTree = "<group>";
		};
		1254556A1ADE2E290023021D /* LaunchScreen.xib */ = {
			isa = PBXVariantGroup;
			children = (
				1254556B1ADE2E290023021D /* Base */,
			);
			name = LaunchScreen.xib;
			sourceTree = "<group>";
		};
/* End PBXVariantGroup section */

/* Begin XCBuildConfiguration section */
		125455791ADE2E290023021D /* Debug */ = {
			isa = XCBuildConfiguration;
			buildSettings = {
				ALWAYS_SEARCH_USER_PATHS = NO;
				CLANG_CXX_LANGUAGE_STANDARD = "gnu++0x";
				CLANG_CXX_LIBRARY = "libc++";
				CLANG_ENABLE_MODULES = YES;
				CLANG_ENABLE_OBJC_ARC = YES;
				CLANG_WARN_BOOL_CONVERSION = YES;
				CLANG_WARN_CONSTANT_CONVERSION = YES;
				CLANG_WARN_DIRECT_OBJC_ISA_USAGE = YES_ERROR;
				CLANG_WARN_EMPTY_BODY = YES;
				CLANG_WARN_ENUM_CONVERSION = YES;
				CLANG_WARN_INT_CONVERSION = YES;
				CLANG_WARN_OBJC_ROOT_CLASS = YES_ERROR;
				CLANG_WARN_UNREACHABLE_CODE = YES;
				CLANG_WARN__DUPLICATE_METHOD_MATCH = YES;
				"CODE_SIGN_IDENTITY[sdk=iphoneos*]" = "iPhone Developer";
				COPY_PHASE_STRIP = NO;
				ENABLE_STRICT_OBJC_MSGSEND = YES;
				GCC_C_LANGUAGE_STANDARD = gnu99;
				GCC_DYNAMIC_NO_PIC = NO;
				GCC_OPTIMIZATION_LEVEL = 0;
				GCC_PREPROCESSOR_DEFINITIONS = (
					"DEBUG=1",
					"$(inherited)",
				);
				GCC_SYMBOLS_PRIVATE_EXTERN = NO;
				GCC_WARN_64_TO_32_BIT_CONVERSION = YES;
				GCC_WARN_ABOUT_RETURN_TYPE = YES_ERROR;
				GCC_WARN_UNDECLARED_SELECTOR = YES;
				GCC_WARN_UNINITIALIZED_AUTOS = YES_AGGRESSIVE;
				GCC_WARN_UNUSED_FUNCTION = YES;
				GCC_WARN_UNUSED_VARIABLE = YES;
				IPHONEOS_DEPLOYMENT_TARGET = 8.1;
				MTL_ENABLE_DEBUG_INFO = YES;
				ONLY_ACTIVE_ARCH = YES;
				SDKROOT = iphoneos;
				SWIFT_OPTIMIZATION_LEVEL = "-Onone";
			};
			name = Debug;
		};
		1254557A1ADE2E290023021D /* Release */ = {
			isa = XCBuildConfiguration;
			buildSettings = {
				ALWAYS_SEARCH_USER_PATHS = NO;
				CLANG_CXX_LANGUAGE_STANDARD = "gnu++0x";
				CLANG_CXX_LIBRARY = "libc++";
				CLANG_ENABLE_MODULES = YES;
				CLANG_ENABLE_OBJC_ARC = YES;
				CLANG_WARN_BOOL_CONVERSION = YES;
				CLANG_WARN_CONSTANT_CONVERSION = YES;
				CLANG_WARN_DIRECT_OBJC_ISA_USAGE = YES_ERROR;
				CLANG_WARN_EMPTY_BODY = YES;
				CLANG_WARN_ENUM_CONVERSION = YES;
				CLANG_WARN_INT_CONVERSION = YES;
				CLANG_WARN_OBJC_ROOT_CLASS = YES_ERROR;
				CLANG_WARN_UNREACHABLE_CODE = YES;
				CLANG_WARN__DUPLICATE_METHOD_MATCH = YES;
				"CODE_SIGN_IDENTITY[sdk=iphoneos*]" = "iPhone Developer";
				COPY_PHASE_STRIP = YES;
				ENABLE_NS_ASSERTIONS = NO;
				ENABLE_STRICT_OBJC_MSGSEND = YES;
				GCC_C_LANGUAGE_STANDARD = gnu99;
				GCC_WARN_64_TO_32_BIT_CONVERSION = YES;
				GCC_WARN_ABOUT_RETURN_TYPE = YES_ERROR;
				GCC_WARN_UNDECLARED_SELECTOR = YES;
				GCC_WARN_UNINITIALIZED_AUTOS = YES_AGGRESSIVE;
				GCC_WARN_UNUSED_FUNCTION = YES;
				GCC_WARN_UNUSED_VARIABLE = YES;
				IPHONEOS_DEPLOYMENT_TARGET = 8.1;
				MTL_ENABLE_DEBUG_INFO = NO;
				SDKROOT = iphoneos;
				VALIDATE_PRODUCT = YES;
			};
			name = Release;
		};
		1254557C1ADE2E290023021D /* Debug */ = {
			isa = XCBuildConfiguration;
			buildSettings = {
				ASSETCATALOG_COMPILER_APPICON_NAME = AppIcon;
				INFOPLIST_FILE = TableViewPlayground/Info.plist;
				LD_RUNPATH_SEARCH_PATHS = "$(inherited) @executable_path/Frameworks";
				PRODUCT_NAME = "$(TARGET_NAME)";
			};
			name = Debug;
		};
		1254557D1ADE2E290023021D /* Release */ = {
			isa = XCBuildConfiguration;
			buildSettings = {
				ASSETCATALOG_COMPILER_APPICON_NAME = AppIcon;
				INFOPLIST_FILE = TableViewPlayground/Info.plist;
				LD_RUNPATH_SEARCH_PATHS = "$(inherited) @executable_path/Frameworks";
				PRODUCT_NAME = "$(TARGET_NAME)";
			};
			name = Release;
		};
		1254557F1ADE2E290023021D /* Debug */ = {
			isa = XCBuildConfiguration;
			buildSettings = {
				BUNDLE_LOADER = "$(TEST_HOST)";
				FRAMEWORK_SEARCH_PATHS = (
					"$(SDKROOT)/Developer/Library/Frameworks",
					"$(inherited)",
				);
				GCC_PREPROCESSOR_DEFINITIONS = (
					"DEBUG=1",
					"$(inherited)",
				);
				INFOPLIST_FILE = TableViewPlaygroundTests/Info.plist;
				LD_RUNPATH_SEARCH_PATHS = "$(inherited) @executable_path/Frameworks @loader_path/Frameworks";
				PRODUCT_NAME = "$(TARGET_NAME)";
				TEST_HOST = "$(BUILT_PRODUCTS_DIR)/TableViewPlayground.app/TableViewPlayground";
			};
			name = Debug;
		};
		125455801ADE2E290023021D /* Release */ = {
			isa = XCBuildConfiguration;
			buildSettings = {
				BUNDLE_LOADER = "$(TEST_HOST)";
				FRAMEWORK_SEARCH_PATHS = (
					"$(SDKROOT)/Developer/Library/Frameworks",
					"$(inherited)",
				);
				INFOPLIST_FILE = TableViewPlaygroundTests/Info.plist;
				LD_RUNPATH_SEARCH_PATHS = "$(inherited) @executable_path/Frameworks @loader_path/Frameworks";
				PRODUCT_NAME = "$(TARGET_NAME)";
				TEST_HOST = "$(BUILT_PRODUCTS_DIR)/TableViewPlayground.app/TableViewPlayground";
			};
			name = Release;
		};
/* End XCBuildConfiguration section */

/* Begin XCConfigurationList section */
		125455571ADE2E280023021D /* Build configuration list for PBXProject "TableViewPlayground" */ = {
			isa = XCConfigurationList;
			buildConfigurations = (
				125455791ADE2E290023021D /* Debug */,
				1254557A1ADE2E290023021D /* Release */,
			);
			defaultConfigurationIsVisible = 0;
			defaultConfigurationName = Release;
		};
		1254557B1ADE2E290023021D /* Build configuration list for PBXNativeTarget "TableViewPlayground" */ = {
			isa = XCConfigurationList;
			buildConfigurations = (
				1254557C1ADE2E290023021D /* Debug */,
				1254557D1ADE2E290023021D /* Release */,
			);
			defaultConfigurationIsVisible = 0;
		};
		1254557E1ADE2E290023021D /* Build configuration list for PBXNativeTarget "TableViewPlaygroundTests" */ = {
			isa = XCConfigurationList;
			buildConfigurations = (
				1254557F1ADE2E290023021D /* Debug */,
				125455801ADE2E290023021D /* Release */,
			);
			defaultConfigurationIsVisible = 0;
		};
/* End XCConfigurationList section */
	};
	rootObject = 125455541ADE2E280023021D /* Project object */;
}
